{
  "lockfileVersion": 1,
  "configVersion": 1,
  "workspaces": {
    "": {
      "dependencies": {
        "@tanstack/react-table": "^8.21.3",
        "@tanstack/react-virtual": "^3.13.13",
        "@tanstack/zod-form-adapter": "^0.42.1",
      },
    },
  },
  "packages": {
    "@tanstack/form-core": ["@tanstack/form-core@0.42.1", "", { "dependencies": { "@tanstack/store": "^0.7.0" } }, "sha512-jTU0jyHqFceujdtPNv3jPVej1dTqBwa8TYdIyWB5BCwRVUBZEp1PiYEBkC9r92xu5fMpBiKc+JKud3eeVjuMiA=="],

    "@tanstack/react-table": ["@tanstack/react-table@8.21.3", "", { "dependencies": { "@tanstack/table-core": "8.21.3" }, "peerDependencies": { "react": ">=16.8", "react-dom": ">=16.8" } }, "sha512-5nNMTSETP4ykGegmVkhjcS8tTLW6Vl4axfEGQN3v0zdHYbK4UfoqfPChclTrJ4EoK9QynqAu9oUf8VEmrpZ5Ww=="],

    "@tanstack/react-virtual": ["@tanstack/react-virtual@3.13.13", "", { "dependencies": { "@tanstack/virtual-core": "3.13.13" }, "peerDependencies": { "react": "^16.8.0 || ^17.0.0 || ^18.0.0 || ^19.0.0", "react-dom": "^16.8.0 || ^17.0.0 || ^18.0.0 || ^19.0.0" } }, "sha512-4o6oPMDvQv+9gMi8rE6gWmsOjtUZUYIJHv7EB+GblyYdi8U6OqLl8rhHWIUZSL1dUU2dPwTdTgybCKf9EjIrQg=="],

    "@tanstack/store": ["@tanstack/store@0.7.7", "", {}, "sha512-xa6pTan1bcaqYDS9BDpSiS63qa6EoDkPN9RsRaxHuDdVDNntzq3xNwR5YKTU/V3SkSyC9T4YVOPh2zRQN0nhIQ=="],

    "@tanstack/table-core": ["@tanstack/table-core@8.21.3", "", {}, "sha512-ldZXEhOBb8Is7xLs01fR3YEc3DERiz5silj8tnGkFZytt1abEvl/GhUmCE0PMLaMPTa3Jk4HbKmRlHmu+gCftg=="],

    "@tanstack/virtual-core": ["@tanstack/virtual-core@3.13.13", "", {}, "sha512-uQFoSdKKf5S8k51W5t7b2qpfkyIbdHMzAn+AMQvHPxKUPeo1SsGaA4JRISQT87jm28b7z8OEqPcg1IOZagQHcA=="],

    "@tanstack/zod-form-adapter": ["@tanstack/zod-form-adapter@0.42.1", "", { "dependencies": { "@tanstack/form-core": "0.42.1" }, "peerDependencies": { "zod": "^3.x" } }, "sha512-hPRM0lawVKP64yurW4c6KHZH6altMo2MQN14hfi+GMBTKjO9S7bW1x5LPZ5cayoJE3mBvdlahpSGT5rYZtSbXQ=="],

    "react": ["react@19.2.3", "", {}, "sha512-Ku/hhYbVjOQnXDZFv2+RibmLFGwFdeeKHFcOTlrt7xplBnya5OGn/hIRDsqDiSUcfORsDC7MPxwork8jBwsIWA=="],

    "react-dom": ["react-dom@19.2.3", "", { "dependencies": { "scheduler": "^0.27.0" }, "peerDependencies": { "react": "^19.2.3" } }, "sha512-yELu4WmLPw5Mr/lmeEpox5rw3RETacE++JgHqQzd2dg+YbJuat3jH4ingc+WPZhxaoFzdv9y33G+F7Nl5O0GBg=="],

    "scheduler": ["scheduler@0.27.0", "", {}, "sha512-eNv+WrVbKu1f3vbYJT/xtiF5syA5HPIMtf9IgY/nKg0sWqzAUEvqY/xm7OcZc/qafLx/iO9FgOmeSAp4v5ti/Q=="],

    "zod": ["zod@3.25.76", "", {}, "sha512-gzUt/qt81nXsFGKIFcC3YnfEAx5NkunCfnDlvuBSSFS02bcXu4Lmea0AFIUwbLWxWPx3d9p8S5QoaujKcNQxcQ=="],
  }
}
